
Microsoft Visual Studio Solution File, Format Version 12.00
# Visual Studio Version 17
VisualStudioVersion = 17.4.33403.182
MinimumVisualStudioVersion = 10.0.40219.1
Project("{8BC9CEB8-8B4A-11D0-8D11-00A0C91BC942}") = "Задание 9.10.12", "Задание 9.10.12\Задание 9.10.12.vcxproj", "{22BE3AAE-53E1-42DD-8728-4A65351B1D06}"
EndProject
Global
	GlobalSection(SolutionConfigurationPlatforms) = preSolution
		Debug|x64 = Debug|x64
		Debug|x86 = Debug|x86
		Release|x64 = Release|x64
		Release|x86 = Release|x86
	EndGlobalSection
	GlobalSection(ProjectConfigurationPlatforms) = postSolution
		{22BE3AAE-53E1-42DD-8728-4A65351B1D06}.Debug|x64.ActiveCfg = Debug|x64
		{22BE3AAE-53E1-42DD-8728-4A65351B1D06}.Debug|x64.Build.0 = Debug|x64
		{22BE3AAE-53E1-42DD-8728-4A65351B1D06}.Debug|x86.ActiveCfg = Debug|Win32
		{22BE3AAE-53E1-42DD-8728-4A65351B1D06}.Debug|x86.Build.0 = Debug|Win32
		{22BE3AAE-53E1-42DD-8728-4A65351B1D06}.Release|x64.ActiveCfg = Release|x64
		{22BE3AAE-53E1-42DD-8728-4A65351B1D06}.Release|x64.Build.0 = Release|x64
		{22BE3AAE-53E1-42DD-8728-4A65351B1D06}.Release|x86.ActiveCfg = Release|Win32
		{22BE3AAE-53E1-42DD-8728-4A65351B1D06}.Release|x86.Build.0 = Release|Win32
	EndGlobalSection
	GlobalSection(SolutionProperties) = preSolution
		HideSolutionNode = FALSE
	EndGlobalSection
	GlobalSection(ExtensibilityGlobals) = postSolution
		SolutionGuid = {D9B3AA05-5B21-427E-9917-277AA76EA206}
	EndGlobalSection
EndGlobal
