
Microsoft Visual Studio Solution File, Format Version 12.00
# Visual Studio Version 17
VisualStudioVersion = 17.4.33213.308
MinimumVisualStudioVersion = 10.0.40219.1
Project("{8BC9CEB8-8B4A-11D0-8D11-00A0C91BC942}") = "Повторное использ функции", "Повторное использ функции\Повторное использ функции.vcxproj", "{7E09C976-6B57-4460-9A1A-0CB63D943FA3}"
EndProject
Global
	GlobalSection(SolutionConfigurationPlatforms) = preSolution
		Debug|x64 = Debug|x64
		Debug|x86 = Debug|x86
		Release|x64 = Release|x64
		Release|x86 = Release|x86
	EndGlobalSection
	GlobalSection(ProjectConfigurationPlatforms) = postSolution
		{7E09C976-6B57-4460-9A1A-0CB63D943FA3}.Debug|x64.ActiveCfg = Debug|x64
		{7E09C976-6B57-4460-9A1A-0CB63D943FA3}.Debug|x64.Build.0 = Debug|x64
		{7E09C976-6B57-4460-9A1A-0CB63D943FA3}.Debug|x86.ActiveCfg = Debug|Win32
		{7E09C976-6B57-4460-9A1A-0CB63D943FA3}.Debug|x86.Build.0 = Debug|Win32
		{7E09C976-6B57-4460-9A1A-0CB63D943FA3}.Release|x64.ActiveCfg = Release|x64
		{7E09C976-6B57-4460-9A1A-0CB63D943FA3}.Release|x64.Build.0 = Release|x64
		{7E09C976-6B57-4460-9A1A-0CB63D943FA3}.Release|x86.ActiveCfg = Release|Win32
		{7E09C976-6B57-4460-9A1A-0CB63D943FA3}.Release|x86.Build.0 = Release|Win32
	EndGlobalSection
	GlobalSection(SolutionProperties) = preSolution
		HideSolutionNode = FALSE
	EndGlobalSection
	GlobalSection(ExtensibilityGlobals) = postSolution
		SolutionGuid = {EBC3741E-070D-4E3E-AFC2-66FCD9F640D0}
	EndGlobalSection
EndGlobal
