
Microsoft Visual Studio Solution File, Format Version 12.00
# Visual Studio Version 17
VisualStudioVersion = 17.6.33829.357
MinimumVisualStudioVersion = 10.0.40219.1
Project("{8BC9CEB8-8B4A-11D0-8D11-00A0C91BC942}") = "thread_с_передачей_указателя_на_функцию", "thread_с_передачей_указателя_на_функцию\thread_с_передачей_указателя_на_функцию.vcxproj", "{CE00E353-2795-4379-8ECD-8CA061C7E556}"
EndProject
Global
	GlobalSection(SolutionConfigurationPlatforms) = preSolution
		Debug|x64 = Debug|x64
		Debug|x86 = Debug|x86
		Release|x64 = Release|x64
		Release|x86 = Release|x86
	EndGlobalSection
	GlobalSection(ProjectConfigurationPlatforms) = postSolution
		{CE00E353-2795-4379-8ECD-8CA061C7E556}.Debug|x64.ActiveCfg = Debug|x64
		{CE00E353-2795-4379-8ECD-8CA061C7E556}.Debug|x64.Build.0 = Debug|x64
		{CE00E353-2795-4379-8ECD-8CA061C7E556}.Debug|x86.ActiveCfg = Debug|Win32
		{CE00E353-2795-4379-8ECD-8CA061C7E556}.Debug|x86.Build.0 = Debug|Win32
		{CE00E353-2795-4379-8ECD-8CA061C7E556}.Release|x64.ActiveCfg = Release|x64
		{CE00E353-2795-4379-8ECD-8CA061C7E556}.Release|x64.Build.0 = Release|x64
		{CE00E353-2795-4379-8ECD-8CA061C7E556}.Release|x86.ActiveCfg = Release|Win32
		{CE00E353-2795-4379-8ECD-8CA061C7E556}.Release|x86.Build.0 = Release|Win32
	EndGlobalSection
	GlobalSection(SolutionProperties) = preSolution
		HideSolutionNode = FALSE
	EndGlobalSection
	GlobalSection(ExtensibilityGlobals) = postSolution
		SolutionGuid = {AF0F605B-D800-43A7-B8CE-BCC363D6D479}
	EndGlobalSection
EndGlobal
