
Microsoft Visual Studio Solution File, Format Version 12.00
# Visual Studio Version 17
VisualStudioVersion = 17.5.33424.131
MinimumVisualStudioVersion = 10.0.40219.1
Project("{8BC9CEB8-8B4A-11D0-8D11-00A0C91BC942}") = "Обьявление переменных", "Обьявление переменных\Обьявление переменных.vcxproj", "{35025506-4C7F-4890-A22E-76DC7FFB1F51}"
EndProject
Global
	GlobalSection(SolutionConfigurationPlatforms) = preSolution
		Debug|x64 = Debug|x64
		Debug|x86 = Debug|x86
		Release|x64 = Release|x64
		Release|x86 = Release|x86
	EndGlobalSection
	GlobalSection(ProjectConfigurationPlatforms) = postSolution
		{35025506-4C7F-4890-A22E-76DC7FFB1F51}.Debug|x64.ActiveCfg = Debug|x64
		{35025506-4C7F-4890-A22E-76DC7FFB1F51}.Debug|x64.Build.0 = Debug|x64
		{35025506-4C7F-4890-A22E-76DC7FFB1F51}.Debug|x86.ActiveCfg = Debug|Win32
		{35025506-4C7F-4890-A22E-76DC7FFB1F51}.Debug|x86.Build.0 = Debug|Win32
		{35025506-4C7F-4890-A22E-76DC7FFB1F51}.Release|x64.ActiveCfg = Release|x64
		{35025506-4C7F-4890-A22E-76DC7FFB1F51}.Release|x64.Build.0 = Release|x64
		{35025506-4C7F-4890-A22E-76DC7FFB1F51}.Release|x86.ActiveCfg = Release|Win32
		{35025506-4C7F-4890-A22E-76DC7FFB1F51}.Release|x86.Build.0 = Release|Win32
	EndGlobalSection
	GlobalSection(SolutionProperties) = preSolution
		HideSolutionNode = FALSE
	EndGlobalSection
	GlobalSection(ExtensibilityGlobals) = postSolution
		SolutionGuid = {90975663-E6F7-41E0-A6DB-E983B5D3DD04}
	EndGlobalSection
EndGlobal
