
Microsoft Visual Studio Solution File, Format Version 12.00
# Visual Studio Version 17
VisualStudioVersion = 17.4.33205.214
MinimumVisualStudioVersion = 10.0.40219.1
Project("{8BC9CEB8-8B4A-11D0-8D11-00A0C91BC942}") = "цикл for", "цикл for.vcxproj", "{1C0043DB-B55C-40BC-8AE7-25ECE89E1624}"
EndProject
Project("{8BC9CEB8-8B4A-11D0-8D11-00A0C91BC942}") = "четные от 1 до 100", "..\четные от 1 до 100\четные от 1 до 100.vcxproj", "{3C293AF1-5081-41AC-A56E-D3F48A6A500A}"
EndProject
Project("{8BC9CEB8-8B4A-11D0-8D11-00A0C91BC942}") = "цикл внутри цикла for", "..\цикл внутри цикла for\цикл внутри цикла for.vcxproj", "{B9E3A58C-685A-4443-A193-EE2861CBAD81}"
EndProject
Project("{8BC9CEB8-8B4A-11D0-8D11-00A0C91BC942}") = "Оператор continue", "..\Оператор continue\Оператор continue.vcxproj", "{1EE618DB-A0C2-4778-A90D-D3C22278531C}"
EndProject
Project("{8BC9CEB8-8B4A-11D0-8D11-00A0C91BC942}") = "Оператор break", "..\Оператор break\Оператор break.vcxproj", "{3049956A-6CED-421A-930A-035EFF5104CF}"
EndProject
Project("{8BC9CEB8-8B4A-11D0-8D11-00A0C91BC942}") = "Программа  считает сумму чисел от 1 до 100,", "..\Программа  считает сумму чисел от 1 до 100, но останавливается, когда сумма станет больше 1000\Программа  считает сумму чисел от 1 до 100, но останавливается, когда сумма станет больше 1000.vcxproj", "{8A41E6D8-D70C-492A-B821-3FAE6F900EA6}"
EndProject
Project("{8BC9CEB8-8B4A-11D0-8D11-00A0C91BC942}") = "Калькулятор по второму блоку с запросом знаков", "..\Калькулятор по второму блоку с запросом знаков\Калькулятор по второму блоку с запросом знаков.vcxproj", "{68283C47-395C-4BDD-897E-A86687B8DD26}"
EndProject
Global
	GlobalSection(SolutionConfigurationPlatforms) = preSolution
		Debug|x64 = Debug|x64
		Debug|x86 = Debug|x86
		Release|x64 = Release|x64
		Release|x86 = Release|x86
	EndGlobalSection
	GlobalSection(ProjectConfigurationPlatforms) = postSolution
		{1C0043DB-B55C-40BC-8AE7-25ECE89E1624}.Debug|x64.ActiveCfg = Debug|x64
		{1C0043DB-B55C-40BC-8AE7-25ECE89E1624}.Debug|x64.Build.0 = Debug|x64
		{1C0043DB-B55C-40BC-8AE7-25ECE89E1624}.Debug|x86.ActiveCfg = Debug|Win32
		{1C0043DB-B55C-40BC-8AE7-25ECE89E1624}.Debug|x86.Build.0 = Debug|Win32
		{1C0043DB-B55C-40BC-8AE7-25ECE89E1624}.Release|x64.ActiveCfg = Release|x64
		{1C0043DB-B55C-40BC-8AE7-25ECE89E1624}.Release|x64.Build.0 = Release|x64
		{1C0043DB-B55C-40BC-8AE7-25ECE89E1624}.Release|x86.ActiveCfg = Release|Win32
		{1C0043DB-B55C-40BC-8AE7-25ECE89E1624}.Release|x86.Build.0 = Release|Win32
		{3C293AF1-5081-41AC-A56E-D3F48A6A500A}.Debug|x64.ActiveCfg = Debug|x64
		{3C293AF1-5081-41AC-A56E-D3F48A6A500A}.Debug|x64.Build.0 = Debug|x64
		{3C293AF1-5081-41AC-A56E-D3F48A6A500A}.Debug|x86.ActiveCfg = Debug|Win32
		{3C293AF1-5081-41AC-A56E-D3F48A6A500A}.Debug|x86.Build.0 = Debug|Win32
		{3C293AF1-5081-41AC-A56E-D3F48A6A500A}.Release|x64.ActiveCfg = Release|x64
		{3C293AF1-5081-41AC-A56E-D3F48A6A500A}.Release|x64.Build.0 = Release|x64
		{3C293AF1-5081-41AC-A56E-D3F48A6A500A}.Release|x86.ActiveCfg = Release|Win32
		{3C293AF1-5081-41AC-A56E-D3F48A6A500A}.Release|x86.Build.0 = Release|Win32
		{B9E3A58C-685A-4443-A193-EE2861CBAD81}.Debug|x64.ActiveCfg = Debug|x64
		{B9E3A58C-685A-4443-A193-EE2861CBAD81}.Debug|x64.Build.0 = Debug|x64
		{B9E3A58C-685A-4443-A193-EE2861CBAD81}.Debug|x86.ActiveCfg = Debug|Win32
		{B9E3A58C-685A-4443-A193-EE2861CBAD81}.Debug|x86.Build.0 = Debug|Win32
		{B9E3A58C-685A-4443-A193-EE2861CBAD81}.Release|x64.ActiveCfg = Release|x64
		{B9E3A58C-685A-4443-A193-EE2861CBAD81}.Release|x64.Build.0 = Release|x64
		{B9E3A58C-685A-4443-A193-EE2861CBAD81}.Release|x86.ActiveCfg = Release|Win32
		{B9E3A58C-685A-4443-A193-EE2861CBAD81}.Release|x86.Build.0 = Release|Win32
		{1EE618DB-A0C2-4778-A90D-D3C22278531C}.Debug|x64.ActiveCfg = Debug|x64
		{1EE618DB-A0C2-4778-A90D-D3C22278531C}.Debug|x64.Build.0 = Debug|x64
		{1EE618DB-A0C2-4778-A90D-D3C22278531C}.Debug|x86.ActiveCfg = Debug|Win32
		{1EE618DB-A0C2-4778-A90D-D3C22278531C}.Debug|x86.Build.0 = Debug|Win32
		{1EE618DB-A0C2-4778-A90D-D3C22278531C}.Release|x64.ActiveCfg = Release|x64
		{1EE618DB-A0C2-4778-A90D-D3C22278531C}.Release|x64.Build.0 = Release|x64
		{1EE618DB-A0C2-4778-A90D-D3C22278531C}.Release|x86.ActiveCfg = Release|Win32
		{1EE618DB-A0C2-4778-A90D-D3C22278531C}.Release|x86.Build.0 = Release|Win32
		{3049956A-6CED-421A-930A-035EFF5104CF}.Debug|x64.ActiveCfg = Debug|x64
		{3049956A-6CED-421A-930A-035EFF5104CF}.Debug|x64.Build.0 = Debug|x64
		{3049956A-6CED-421A-930A-035EFF5104CF}.Debug|x86.ActiveCfg = Debug|Win32
		{3049956A-6CED-421A-930A-035EFF5104CF}.Debug|x86.Build.0 = Debug|Win32
		{3049956A-6CED-421A-930A-035EFF5104CF}.Release|x64.ActiveCfg = Release|x64
		{3049956A-6CED-421A-930A-035EFF5104CF}.Release|x64.Build.0 = Release|x64
		{3049956A-6CED-421A-930A-035EFF5104CF}.Release|x86.ActiveCfg = Release|Win32
		{3049956A-6CED-421A-930A-035EFF5104CF}.Release|x86.Build.0 = Release|Win32
		{8A41E6D8-D70C-492A-B821-3FAE6F900EA6}.Debug|x64.ActiveCfg = Debug|x64
		{8A41E6D8-D70C-492A-B821-3FAE6F900EA6}.Debug|x64.Build.0 = Debug|x64
		{8A41E6D8-D70C-492A-B821-3FAE6F900EA6}.Debug|x86.ActiveCfg = Debug|Win32
		{8A41E6D8-D70C-492A-B821-3FAE6F900EA6}.Debug|x86.Build.0 = Debug|Win32
		{8A41E6D8-D70C-492A-B821-3FAE6F900EA6}.Release|x64.ActiveCfg = Release|x64
		{8A41E6D8-D70C-492A-B821-3FAE6F900EA6}.Release|x64.Build.0 = Release|x64
		{8A41E6D8-D70C-492A-B821-3FAE6F900EA6}.Release|x86.ActiveCfg = Release|Win32
		{8A41E6D8-D70C-492A-B821-3FAE6F900EA6}.Release|x86.Build.0 = Release|Win32
		{68283C47-395C-4BDD-897E-A86687B8DD26}.Debug|x64.ActiveCfg = Debug|x64
		{68283C47-395C-4BDD-897E-A86687B8DD26}.Debug|x64.Build.0 = Debug|x64
		{68283C47-395C-4BDD-897E-A86687B8DD26}.Debug|x86.ActiveCfg = Debug|Win32
		{68283C47-395C-4BDD-897E-A86687B8DD26}.Debug|x86.Build.0 = Debug|Win32
		{68283C47-395C-4BDD-897E-A86687B8DD26}.Release|x64.ActiveCfg = Release|x64
		{68283C47-395C-4BDD-897E-A86687B8DD26}.Release|x64.Build.0 = Release|x64
		{68283C47-395C-4BDD-897E-A86687B8DD26}.Release|x86.ActiveCfg = Release|Win32
		{68283C47-395C-4BDD-897E-A86687B8DD26}.Release|x86.Build.0 = Release|Win32
	EndGlobalSection
	GlobalSection(SolutionProperties) = preSolution
		HideSolutionNode = FALSE
	EndGlobalSection
	GlobalSection(ExtensibilityGlobals) = postSolution
		SolutionGuid = {B83E38FC-BC87-426E-811D-BA77A97BFDEB}
	EndGlobalSection
EndGlobal
