
Microsoft Visual Studio Solution File, Format Version 12.00
# Visual Studio Version 17
VisualStudioVersion = 17.2.32616.157
MinimumVisualStudioVersion = 10.0.40219.1
Project("{8BC9CEB8-8B4A-11D0-8D11-00A0C91BC942}") = "Prim_arifm_Ukaz", "Prim_arifm_Ukaz.vcxproj", "{4B9E407A-BDB5-42DA-8E28-02AD5E86C205}"
EndProject
Global
	GlobalSection(SolutionConfigurationPlatforms) = preSolution
		Debug|x64 = Debug|x64
		Debug|x86 = Debug|x86
		Release|x64 = Release|x64
		Release|x86 = Release|x86
	EndGlobalSection
	GlobalSection(ProjectConfigurationPlatforms) = postSolution
		{4B9E407A-BDB5-42DA-8E28-02AD5E86C205}.Debug|x64.ActiveCfg = Debug|x64
		{4B9E407A-BDB5-42DA-8E28-02AD5E86C205}.Debug|x64.Build.0 = Debug|x64
		{4B9E407A-BDB5-42DA-8E28-02AD5E86C205}.Debug|x86.ActiveCfg = Debug|Win32
		{4B9E407A-BDB5-42DA-8E28-02AD5E86C205}.Debug|x86.Build.0 = Debug|Win32
		{4B9E407A-BDB5-42DA-8E28-02AD5E86C205}.Release|x64.ActiveCfg = Release|x64
		{4B9E407A-BDB5-42DA-8E28-02AD5E86C205}.Release|x64.Build.0 = Release|x64
		{4B9E407A-BDB5-42DA-8E28-02AD5E86C205}.Release|x86.ActiveCfg = Release|Win32
		{4B9E407A-BDB5-42DA-8E28-02AD5E86C205}.Release|x86.Build.0 = Release|Win32
	EndGlobalSection
	GlobalSection(SolutionProperties) = preSolution
		HideSolutionNode = FALSE
	EndGlobalSection
	GlobalSection(ExtensibilityGlobals) = postSolution
		SolutionGuid = {D4BEBA3D-D9AC-486B-BC3B-191B01EE5ED5}
	EndGlobalSection
EndGlobal
