
Microsoft Visual Studio Solution File, Format Version 12.00
# Visual Studio Version 17
VisualStudioVersion = 17.4.33205.214
MinimumVisualStudioVersion = 10.0.40219.1
Project("{8BC9CEB8-8B4A-11D0-8D11-00A0C91BC942}") = "Циклы while и do while", "Циклы while и do while.vcxproj", "{3F5F3066-1816-4C75-9AFB-0D68F6E7B2BF}"
EndProject
Project("{8BC9CEB8-8B4A-11D0-8D11-00A0C91BC942}") = "while от 1 до 100", "..\while от 1 до 100\while от 1 до 100.vcxproj", "{F5899D77-7CA6-4522-AD3A-6913EE018C0F}"
EndProject
Project("{8BC9CEB8-8B4A-11D0-8D11-00A0C91BC942}") = "Цикл do while очень похож на цикл while", "..\Цикл do while очень похож на цикл while\Цикл do while очень похож на цикл while.vcxproj", "{9C00F109-12CE-4B91-98CC-EAB015D92B82}"
EndProject
Project("{8BC9CEB8-8B4A-11D0-8D11-00A0C91BC942}") = "для вычисления суммы от 1 до 100 с использованием цикла do while", "..\для вычисления суммы от 1 до 100 с использованием цикла do while\для вычисления суммы от 1 до 100 с использованием цикла do while.vcxproj", "{28B66EF4-FB20-4BA7-A986-7744B3A5F81F}"
EndProject
Project("{8BC9CEB8-8B4A-11D0-8D11-00A0C91BC942}") = "Факториал  c помощью  while", "..\Факториал  c помощью  while\Факториал  c помощью  while.vcxproj", "{0877F336-126D-41B2-A9C8-B6DFEE36006E}"
EndProject
Global
	GlobalSection(SolutionConfigurationPlatforms) = preSolution
		Debug|x64 = Debug|x64
		Debug|x86 = Debug|x86
		Release|x64 = Release|x64
		Release|x86 = Release|x86
	EndGlobalSection
	GlobalSection(ProjectConfigurationPlatforms) = postSolution
		{3F5F3066-1816-4C75-9AFB-0D68F6E7B2BF}.Debug|x64.ActiveCfg = Debug|x64
		{3F5F3066-1816-4C75-9AFB-0D68F6E7B2BF}.Debug|x64.Build.0 = Debug|x64
		{3F5F3066-1816-4C75-9AFB-0D68F6E7B2BF}.Debug|x86.ActiveCfg = Debug|Win32
		{3F5F3066-1816-4C75-9AFB-0D68F6E7B2BF}.Debug|x86.Build.0 = Debug|Win32
		{3F5F3066-1816-4C75-9AFB-0D68F6E7B2BF}.Release|x64.ActiveCfg = Release|x64
		{3F5F3066-1816-4C75-9AFB-0D68F6E7B2BF}.Release|x64.Build.0 = Release|x64
		{3F5F3066-1816-4C75-9AFB-0D68F6E7B2BF}.Release|x86.ActiveCfg = Release|Win32
		{3F5F3066-1816-4C75-9AFB-0D68F6E7B2BF}.Release|x86.Build.0 = Release|Win32
		{F5899D77-7CA6-4522-AD3A-6913EE018C0F}.Debug|x64.ActiveCfg = Debug|x64
		{F5899D77-7CA6-4522-AD3A-6913EE018C0F}.Debug|x64.Build.0 = Debug|x64
		{F5899D77-7CA6-4522-AD3A-6913EE018C0F}.Debug|x86.ActiveCfg = Debug|Win32
		{F5899D77-7CA6-4522-AD3A-6913EE018C0F}.Debug|x86.Build.0 = Debug|Win32
		{F5899D77-7CA6-4522-AD3A-6913EE018C0F}.Release|x64.ActiveCfg = Release|x64
		{F5899D77-7CA6-4522-AD3A-6913EE018C0F}.Release|x64.Build.0 = Release|x64
		{F5899D77-7CA6-4522-AD3A-6913EE018C0F}.Release|x86.ActiveCfg = Release|Win32
		{F5899D77-7CA6-4522-AD3A-6913EE018C0F}.Release|x86.Build.0 = Release|Win32
		{9C00F109-12CE-4B91-98CC-EAB015D92B82}.Debug|x64.ActiveCfg = Debug|x64
		{9C00F109-12CE-4B91-98CC-EAB015D92B82}.Debug|x64.Build.0 = Debug|x64
		{9C00F109-12CE-4B91-98CC-EAB015D92B82}.Debug|x86.ActiveCfg = Debug|Win32
		{9C00F109-12CE-4B91-98CC-EAB015D92B82}.Debug|x86.Build.0 = Debug|Win32
		{9C00F109-12CE-4B91-98CC-EAB015D92B82}.Release|x64.ActiveCfg = Release|x64
		{9C00F109-12CE-4B91-98CC-EAB015D92B82}.Release|x64.Build.0 = Release|x64
		{9C00F109-12CE-4B91-98CC-EAB015D92B82}.Release|x86.ActiveCfg = Release|Win32
		{9C00F109-12CE-4B91-98CC-EAB015D92B82}.Release|x86.Build.0 = Release|Win32
		{28B66EF4-FB20-4BA7-A986-7744B3A5F81F}.Debug|x64.ActiveCfg = Debug|x64
		{28B66EF4-FB20-4BA7-A986-7744B3A5F81F}.Debug|x64.Build.0 = Debug|x64
		{28B66EF4-FB20-4BA7-A986-7744B3A5F81F}.Debug|x86.ActiveCfg = Debug|Win32
		{28B66EF4-FB20-4BA7-A986-7744B3A5F81F}.Debug|x86.Build.0 = Debug|Win32
		{28B66EF4-FB20-4BA7-A986-7744B3A5F81F}.Release|x64.ActiveCfg = Release|x64
		{28B66EF4-FB20-4BA7-A986-7744B3A5F81F}.Release|x64.Build.0 = Release|x64
		{28B66EF4-FB20-4BA7-A986-7744B3A5F81F}.Release|x86.ActiveCfg = Release|Win32
		{28B66EF4-FB20-4BA7-A986-7744B3A5F81F}.Release|x86.Build.0 = Release|Win32
		{0877F336-126D-41B2-A9C8-B6DFEE36006E}.Debug|x64.ActiveCfg = Debug|x64
		{0877F336-126D-41B2-A9C8-B6DFEE36006E}.Debug|x64.Build.0 = Debug|x64
		{0877F336-126D-41B2-A9C8-B6DFEE36006E}.Debug|x86.ActiveCfg = Debug|Win32
		{0877F336-126D-41B2-A9C8-B6DFEE36006E}.Debug|x86.Build.0 = Debug|Win32
		{0877F336-126D-41B2-A9C8-B6DFEE36006E}.Release|x64.ActiveCfg = Release|x64
		{0877F336-126D-41B2-A9C8-B6DFEE36006E}.Release|x64.Build.0 = Release|x64
		{0877F336-126D-41B2-A9C8-B6DFEE36006E}.Release|x86.ActiveCfg = Release|Win32
		{0877F336-126D-41B2-A9C8-B6DFEE36006E}.Release|x86.Build.0 = Release|Win32
	EndGlobalSection
	GlobalSection(SolutionProperties) = preSolution
		HideSolutionNode = FALSE
	EndGlobalSection
	GlobalSection(ExtensibilityGlobals) = postSolution
		SolutionGuid = {0276128B-FE37-4FDD-8FED-94A2E128E653}
	EndGlobalSection
EndGlobal
