
Microsoft Visual Studio Solution File, Format Version 12.00
# Visual Studio Version 17
VisualStudioVersion = 17.4.33213.308
MinimumVisualStudioVersion = 10.0.40219.1
Project("{8BC9CEB8-8B4A-11D0-8D11-00A0C91BC942}") = "Домашнее 8.8", "Домашнее 8.8\Домашнее 8.8.vcxproj", "{ABCCC649-5401-48CD-94FB-F9B80DBA1062}"
EndProject
Global
	GlobalSection(SolutionConfigurationPlatforms) = preSolution
		Debug|x64 = Debug|x64
		Debug|x86 = Debug|x86
		Release|x64 = Release|x64
		Release|x86 = Release|x86
	EndGlobalSection
	GlobalSection(ProjectConfigurationPlatforms) = postSolution
		{ABCCC649-5401-48CD-94FB-F9B80DBA1062}.Debug|x64.ActiveCfg = Debug|x64
		{ABCCC649-5401-48CD-94FB-F9B80DBA1062}.Debug|x64.Build.0 = Debug|x64
		{ABCCC649-5401-48CD-94FB-F9B80DBA1062}.Debug|x86.ActiveCfg = Debug|Win32
		{ABCCC649-5401-48CD-94FB-F9B80DBA1062}.Debug|x86.Build.0 = Debug|Win32
		{ABCCC649-5401-48CD-94FB-F9B80DBA1062}.Release|x64.ActiveCfg = Release|x64
		{ABCCC649-5401-48CD-94FB-F9B80DBA1062}.Release|x64.Build.0 = Release|x64
		{ABCCC649-5401-48CD-94FB-F9B80DBA1062}.Release|x86.ActiveCfg = Release|Win32
		{ABCCC649-5401-48CD-94FB-F9B80DBA1062}.Release|x86.Build.0 = Release|Win32
	EndGlobalSection
	GlobalSection(SolutionProperties) = preSolution
		HideSolutionNode = FALSE
	EndGlobalSection
	GlobalSection(ExtensibilityGlobals) = postSolution
		SolutionGuid = {E864AD6F-77A0-438F-A1C7-45BF3BE5A1E1}
	EndGlobalSection
EndGlobal
