
Microsoft Visual Studio Solution File, Format Version 12.00
# Visual Studio Version 17
VisualStudioVersion = 17.6.33829.357
MinimumVisualStudioVersion = 10.0.40219.1
Project("{8BC9CEB8-8B4A-11D0-8D11-00A0C91BC942}") = "26.8.3", "26.8.3\26.8.3.vcxproj", "{F7BA2CF3-969E-4B16-AB45-947BF0A800B8}"
EndProject
Global
	GlobalSection(SolutionConfigurationPlatforms) = preSolution
		Debug|x64 = Debug|x64
		Debug|x86 = Debug|x86
		Release|x64 = Release|x64
		Release|x86 = Release|x86
	EndGlobalSection
	GlobalSection(ProjectConfigurationPlatforms) = postSolution
		{F7BA2CF3-969E-4B16-AB45-947BF0A800B8}.Debug|x64.ActiveCfg = Debug|x64
		{F7BA2CF3-969E-4B16-AB45-947BF0A800B8}.Debug|x64.Build.0 = Debug|x64
		{F7BA2CF3-969E-4B16-AB45-947BF0A800B8}.Debug|x86.ActiveCfg = Debug|Win32
		{F7BA2CF3-969E-4B16-AB45-947BF0A800B8}.Debug|x86.Build.0 = Debug|Win32
		{F7BA2CF3-969E-4B16-AB45-947BF0A800B8}.Release|x64.ActiveCfg = Release|x64
		{F7BA2CF3-969E-4B16-AB45-947BF0A800B8}.Release|x64.Build.0 = Release|x64
		{F7BA2CF3-969E-4B16-AB45-947BF0A800B8}.Release|x86.ActiveCfg = Release|Win32
		{F7BA2CF3-969E-4B16-AB45-947BF0A800B8}.Release|x86.Build.0 = Release|Win32
	EndGlobalSection
	GlobalSection(SolutionProperties) = preSolution
		HideSolutionNode = FALSE
	EndGlobalSection
	GlobalSection(ExtensibilityGlobals) = postSolution
		SolutionGuid = {8F667E4B-B346-4667-BC05-77026D8375C6}
	EndGlobalSection
EndGlobal
