
Microsoft Visual Studio Solution File, Format Version 12.00
# Visual Studio Version 17
VisualStudioVersion = 17.5.33530.505
MinimumVisualStudioVersion = 10.0.40219.1
Project("{8BC9CEB8-8B4A-11D0-8D11-00A0C91BC942}") = "13.8.3", "13.8.3\13.8.3.vcxproj", "{541F214F-ACC6-4CD6-937B-2668A5DF8D62}"
EndProject
Global
	GlobalSection(SolutionConfigurationPlatforms) = preSolution
		Debug|x64 = Debug|x64
		Debug|x86 = Debug|x86
		Release|x64 = Release|x64
		Release|x86 = Release|x86
	EndGlobalSection
	GlobalSection(ProjectConfigurationPlatforms) = postSolution
		{541F214F-ACC6-4CD6-937B-2668A5DF8D62}.Debug|x64.ActiveCfg = Debug|x64
		{541F214F-ACC6-4CD6-937B-2668A5DF8D62}.Debug|x64.Build.0 = Debug|x64
		{541F214F-ACC6-4CD6-937B-2668A5DF8D62}.Debug|x86.ActiveCfg = Debug|Win32
		{541F214F-ACC6-4CD6-937B-2668A5DF8D62}.Debug|x86.Build.0 = Debug|Win32
		{541F214F-ACC6-4CD6-937B-2668A5DF8D62}.Release|x64.ActiveCfg = Release|x64
		{541F214F-ACC6-4CD6-937B-2668A5DF8D62}.Release|x64.Build.0 = Release|x64
		{541F214F-ACC6-4CD6-937B-2668A5DF8D62}.Release|x86.ActiveCfg = Release|Win32
		{541F214F-ACC6-4CD6-937B-2668A5DF8D62}.Release|x86.Build.0 = Release|Win32
	EndGlobalSection
	GlobalSection(SolutionProperties) = preSolution
		HideSolutionNode = FALSE
	EndGlobalSection
	GlobalSection(ExtensibilityGlobals) = postSolution
		SolutionGuid = {AE11C4FE-EBAF-41FF-8A9B-EDB21C40A19F}
	EndGlobalSection
EndGlobal
